
Microsoft Visual Studio Solution File, Format Version 12.00
# Visual Studio Version 17
VisualStudioVersion = 17.14.36414.22
MinimumVisualStudioVersion = 10.0.40219.1
Project("{FAE04EC0-301F-11D3-BF4B-00C04F79EFBC}") = "LibraryApp.Console", "LibraryApp.Console\LibraryApp.Console.csproj", "{799A6395-FA2A-43CD-852C-7AA9A1957984}"
EndProject
Project("{FAE04EC0-301F-11D3-BF4B-00C04F79EFBC}") = "LibraryApp.Api", "LibraryApp.Api\LibraryApp.Api.csproj", "{5A74E60D-C8E6-442D-B345-BAD48785C359}"
EndProject
Project("{FAE04EC0-301F-11D3-BF4B-00C04F79EFBC}") = "LibraryApp.Application", "LibraryApp.Services\LibraryApp.Application.csproj", "{B5C64577-4535-4989-8BD7-ACB9804B466E}"
EndProject
Project("{FAE04EC0-301F-11D3-BF4B-00C04F79EFBC}") = "LibraryApp.Domain", "LibraryApp.Domain\LibraryApp.Domain.csproj", "{9D561078-F00A-4F8B-A846-F0C76CE0D71C}"
EndProject
Project("{FAE04EC0-301F-11D3-BF4B-00C04F79EFBC}") = "LibraryApp.Infrastructure", "LibraryApp.Infrastructure\LibraryApp.Infrastructure.csproj", "{801F62F4-FDF4-4D64-9D79-50BCA3B994D1}"
EndProject
Project("{FAE04EC0-301F-11D3-BF4B-00C04F79EFBC}") = "LibraryApp.Tests", "LibraryApp.Tests\LibraryApp.Tests.csproj", "{9796C16D-0BAA-4DD2-98D0-71ED6F0863BC}"
EndProject
Global
	GlobalSection(SolutionConfigurationPlatforms) = preSolution
		Debug|Any CPU = Debug|Any CPU
		Release|Any CPU = Release|Any CPU
	EndGlobalSection
	GlobalSection(ProjectConfigurationPlatforms) = postSolution
		{799A6395-FA2A-43CD-852C-7AA9A1957984}.Debug|Any CPU.ActiveCfg = Debug|Any CPU
		{799A6395-FA2A-43CD-852C-7AA9A1957984}.Debug|Any CPU.Build.0 = Debug|Any CPU
		{799A6395-FA2A-43CD-852C-7AA9A1957984}.Release|Any CPU.ActiveCfg = Release|Any CPU
		{799A6395-FA2A-43CD-852C-7AA9A1957984}.Release|Any CPU.Build.0 = Release|Any CPU
		{5A74E60D-C8E6-442D-B345-BAD48785C359}.Debug|Any CPU.ActiveCfg = Debug|Any CPU
		{5A74E60D-C8E6-442D-B345-BAD48785C359}.Debug|Any CPU.Build.0 = Debug|Any CPU
		{5A74E60D-C8E6-442D-B345-BAD48785C359}.Release|Any CPU.ActiveCfg = Release|Any CPU
		{5A74E60D-C8E6-442D-B345-BAD48785C359}.Release|Any CPU.Build.0 = Release|Any CPU
		{B5C64577-4535-4989-8BD7-ACB9804B466E}.Debug|Any CPU.ActiveCfg = Debug|Any CPU
		{B5C64577-4535-4989-8BD7-ACB9804B466E}.Debug|Any CPU.Build.0 = Debug|Any CPU
		{B5C64577-4535-4989-8BD7-ACB9804B466E}.Release|Any CPU.ActiveCfg = Release|Any CPU
		{B5C64577-4535-4989-8BD7-ACB9804B466E}.Release|Any CPU.Build.0 = Release|Any CPU
		{9D561078-F00A-4F8B-A846-F0C76CE0D71C}.Debug|Any CPU.ActiveCfg = Debug|Any CPU
		{9D561078-F00A-4F8B-A846-F0C76CE0D71C}.Debug|Any CPU.Build.0 = Debug|Any CPU
		{9D561078-F00A-4F8B-A846-F0C76CE0D71C}.Release|Any CPU.ActiveCfg = Release|Any CPU
		{9D561078-F00A-4F8B-A846-F0C76CE0D71C}.Release|Any CPU.Build.0 = Release|Any CPU
		{801F62F4-FDF4-4D64-9D79-50BCA3B994D1}.Debug|Any CPU.ActiveCfg = Debug|Any CPU
		{801F62F4-FDF4-4D64-9D79-50BCA3B994D1}.Debug|Any CPU.Build.0 = Debug|Any CPU
		{801F62F4-FDF4-4D64-9D79-50BCA3B994D1}.Release|Any CPU.ActiveCfg = Release|Any CPU
		{801F62F4-FDF4-4D64-9D79-50BCA3B994D1}.Release|Any CPU.Build.0 = Release|Any CPU
		{9796C16D-0BAA-4DD2-98D0-71ED6F0863BC}.Debug|Any CPU.ActiveCfg = Debug|Any CPU
		{9796C16D-0BAA-4DD2-98D0-71ED6F0863BC}.Debug|Any CPU.Build.0 = Debug|Any CPU
		{9796C16D-0BAA-4DD2-98D0-71ED6F0863BC}.Release|Any CPU.ActiveCfg = Release|Any CPU
		{9796C16D-0BAA-4DD2-98D0-71ED6F0863BC}.Release|Any CPU.Build.0 = Release|Any CPU
	EndGlobalSection
	GlobalSection(SolutionProperties) = preSolution
		HideSolutionNode = FALSE
	EndGlobalSection
	GlobalSection(ExtensibilityGlobals) = postSolution
		SolutionGuid = {80BE22CC-1EDE-4ED9-AE4B-D999C2A8DD77}
	EndGlobalSection
EndGlobal
