
Microsoft Visual Studio Solution File, Format Version 12.00
# Visual Studio Version 17
VisualStudioVersion = 17.14.36414.22 d17.14
MinimumVisualStudioVersion = 10.0.40219.1
Project("{FAE04EC0-301F-11D3-BF4B-00C04F79EFBC}") = "LibraryApp.Console", "LibraryApp.Console\LibraryApp.Console.csproj", "{D67E7B81-834F-45A2-92D2-DA468BE6DAA6}"
EndProject
Global
	GlobalSection(SolutionConfigurationPlatforms) = preSolution
		Debug|Any CPU = Debug|Any CPU
		Release|Any CPU = Release|Any CPU
	EndGlobalSection
	GlobalSection(ProjectConfigurationPlatforms) = postSolution
		{D67E7B81-834F-45A2-92D2-DA468BE6DAA6}.Debug|Any CPU.ActiveCfg = Debug|Any CPU
		{D67E7B81-834F-45A2-92D2-DA468BE6DAA6}.Debug|Any CPU.Build.0 = Debug|Any CPU
		{D67E7B81-834F-45A2-92D2-DA468BE6DAA6}.Release|Any CPU.ActiveCfg = Release|Any CPU
		{D67E7B81-834F-45A2-92D2-DA468BE6DAA6}.Release|Any CPU.Build.0 = Release|Any CPU
	EndGlobalSection
	GlobalSection(SolutionProperties) = preSolution
		HideSolutionNode = FALSE
	EndGlobalSection
	GlobalSection(ExtensibilityGlobals) = postSolution
		SolutionGuid = {7154BFAF-E0EA-4667-9D6E-764AF66E7314}
	EndGlobalSection
EndGlobal
